
Microsoft Visual Studio Solution File, Format Version 12.00
# Visual Studio 15
VisualStudioVersion = 15.0.28307.168
MinimumVisualStudioVersion = 10.0.40219.1
Project("{9A19103F-16F7-4668-BE54-9A1E7A4F7556}") = "Tree", "Tree\Tree.csproj", "{B3C0C012-17FD-4F24-95E0-76D72DB3CE91}"
EndProject
Project("{FAE04EC0-301F-11D3-BF4B-00C04F79EFBC}") = "XUnitTestProject1", "XUnitTestProject1\XUnitTestProject1.csproj", "{0E73075F-AF3F-4124-A419-A283D09A8B7F}"
EndProject
Global
	GlobalSection(SolutionConfigurationPlatforms) = preSolution
		Debug|Any CPU = Debug|Any CPU
		Release|Any CPU = Release|Any CPU
	EndGlobalSection
	GlobalSection(ProjectConfigurationPlatforms) = postSolution
		{B3C0C012-17FD-4F24-95E0-76D72DB3CE91}.Debug|Any CPU.ActiveCfg = Debug|Any CPU
		{B3C0C012-17FD-4F24-95E0-76D72DB3CE91}.Debug|Any CPU.Build.0 = Debug|Any CPU
		{B3C0C012-17FD-4F24-95E0-76D72DB3CE91}.Release|Any CPU.ActiveCfg = Release|Any CPU
		{B3C0C012-17FD-4F24-95E0-76D72DB3CE91}.Release|Any CPU.Build.0 = Release|Any CPU
		{0E73075F-AF3F-4124-A419-A283D09A8B7F}.Debug|Any CPU.ActiveCfg = Debug|Any CPU
		{0E73075F-AF3F-4124-A419-A283D09A8B7F}.Debug|Any CPU.Build.0 = Debug|Any CPU
		{0E73075F-AF3F-4124-A419-A283D09A8B7F}.Release|Any CPU.ActiveCfg = Release|Any CPU
		{0E73075F-AF3F-4124-A419-A283D09A8B7F}.Release|Any CPU.Build.0 = Release|Any CPU
	EndGlobalSection
	GlobalSection(SolutionProperties) = preSolution
		HideSolutionNode = FALSE
	EndGlobalSection
	GlobalSection(ExtensibilityGlobals) = postSolution
		SolutionGuid = {29401104-5E0F-4BFA-A2C8-D988F09FCF6D}
	EndGlobalSection
EndGlobal
