
Microsoft Visual Studio Solution File, Format Version 12.00
# Visual Studio 15
VisualStudioVersion = 15.0.28307.168
MinimumVisualStudioVersion = 10.0.40219.1
Project("{FAE04EC0-301F-11D3-BF4B-00C04F79EFBC}") = "depthFirst", "depthFirst\depthFirst.csproj", "{5F966410-94F4-4242-BB1E-1009A30DEABE}"
EndProject
Global
	GlobalSection(SolutionConfigurationPlatforms) = preSolution
		Debug|Any CPU = Debug|Any CPU
		Release|Any CPU = Release|Any CPU
	EndGlobalSection
	GlobalSection(ProjectConfigurationPlatforms) = postSolution
		{5F966410-94F4-4242-BB1E-1009A30DEABE}.Debug|Any CPU.ActiveCfg = Debug|Any CPU
		{5F966410-94F4-4242-BB1E-1009A30DEABE}.Debug|Any CPU.Build.0 = Debug|Any CPU
		{5F966410-94F4-4242-BB1E-1009A30DEABE}.Release|Any CPU.ActiveCfg = Release|Any CPU
		{5F966410-94F4-4242-BB1E-1009A30DEABE}.Release|Any CPU.Build.0 = Release|Any CPU
	EndGlobalSection
	GlobalSection(SolutionProperties) = preSolution
		HideSolutionNode = FALSE
	EndGlobalSection
	GlobalSection(ExtensibilityGlobals) = postSolution
		SolutionGuid = {78CBB34F-7E09-4642-809F-302D5319716E}
	EndGlobalSection
EndGlobal
