
Microsoft Visual Studio Solution File, Format Version 12.00
# Visual Studio 15
VisualStudioVersion = 15.0.28307.168
MinimumVisualStudioVersion = 10.0.40219.1
Project("{FAE04EC0-301F-11D3-BF4B-00C04F79EFBC}") = "LinkedList", "LinkedList\LinkedList.csproj", "{E96D1D3B-BD40-4FC5-8E73-1560DDDE40FC}"
EndProject
Global
	GlobalSection(SolutionConfigurationPlatforms) = preSolution
		Debug|Any CPU = Debug|Any CPU
		Release|Any CPU = Release|Any CPU
	EndGlobalSection
	GlobalSection(ProjectConfigurationPlatforms) = postSolution
		{E96D1D3B-BD40-4FC5-8E73-1560DDDE40FC}.Debug|Any CPU.ActiveCfg = Debug|Any CPU
		{E96D1D3B-BD40-4FC5-8E73-1560DDDE40FC}.Debug|Any CPU.Build.0 = Debug|Any CPU
		{E96D1D3B-BD40-4FC5-8E73-1560DDDE40FC}.Release|Any CPU.ActiveCfg = Release|Any CPU
		{E96D1D3B-BD40-4FC5-8E73-1560DDDE40FC}.Release|Any CPU.Build.0 = Release|Any CPU
	EndGlobalSection
	GlobalSection(SolutionProperties) = preSolution
		HideSolutionNode = FALSE
	EndGlobalSection
	GlobalSection(ExtensibilityGlobals) = postSolution
		SolutionGuid = {E854BBC2-F928-4043-A6AB-8F336F2ECFD3}
	EndGlobalSection
EndGlobal
